
Microsoft Visual Studio Solution File, Format Version 12.00
# Visual Studio Version 17
VisualStudioVersion = 17.11.35303.130
MinimumVisualStudioVersion = 10.0.40219.1
Project("{FAE04EC0-301F-11D3-BF4B-00C04F79EFBC}") = "SurveyBlazor", "SurveyBlazor.Web\SurveyBlazor.Web.csproj", "{3A9075BD-CDE2-473E-B01A-1579C36EF0E1}"
EndProject
Project("{FAE04EC0-301F-11D3-BF4B-00C04F79EFBC}") = "SurveyBlazor.Api", "SurveyBlazor.Api\SurveyBlazor.Api.csproj", "{983DD63B-8197-474A-AE1D-6949B6AAEC78}"
EndProject
Global
	GlobalSection(SolutionConfigurationPlatforms) = preSolution
		Debug|Any CPU = Debug|Any CPU
		Release|Any CPU = Release|Any CPU
	EndGlobalSection
	GlobalSection(ProjectConfigurationPlatforms) = postSolution
		{3A9075BD-CDE2-473E-B01A-1579C36EF0E1}.Debug|Any CPU.ActiveCfg = Debug|Any CPU
		{3A9075BD-CDE2-473E-B01A-1579C36EF0E1}.Debug|Any CPU.Build.0 = Debug|Any CPU
		{3A9075BD-CDE2-473E-B01A-1579C36EF0E1}.Release|Any CPU.ActiveCfg = Release|Any CPU
		{3A9075BD-CDE2-473E-B01A-1579C36EF0E1}.Release|Any CPU.Build.0 = Release|Any CPU
		{983DD63B-8197-474A-AE1D-6949B6AAEC78}.Debug|Any CPU.ActiveCfg = Debug|Any CPU
		{983DD63B-8197-474A-AE1D-6949B6AAEC78}.Debug|Any CPU.Build.0 = Debug|Any CPU
		{983DD63B-8197-474A-AE1D-6949B6AAEC78}.Release|Any CPU.ActiveCfg = Release|Any CPU
		{983DD63B-8197-474A-AE1D-6949B6AAEC78}.Release|Any CPU.Build.0 = Release|Any CPU
	EndGlobalSection
	GlobalSection(SolutionProperties) = preSolution
		HideSolutionNode = FALSE
	EndGlobalSection
	GlobalSection(ExtensibilityGlobals) = postSolution
		SolutionGuid = {3267E4BC-F2CD-4CB4-9F97-38ACD976B287}
	EndGlobalSection
EndGlobal
